
Microsoft Visual Studio Solution File, Format Version 11.00
# Visual Studio 2010
Project("{FAE04EC0-301F-11D3-BF4B-00C04F79EFBC}") = "ParticleOcean", "Assembly-CSharp.csproj", "{971A505B-869A-927E-C715-F76F64D57E4B}"
EndProject
Global
	GlobalSection(SolutionConfigurationPlatforms) = preSolution
		Debug|Any CPU = Debug|Any CPU
		Release|Any CPU = Release|Any CPU
	EndGlobalSection
	GlobalSection(ProjectConfigurationPlatforms) = postSolution
		{971A505B-869A-927E-C715-F76F64D57E4B}.Debug|Any CPU.ActiveCfg = Debug|Any CPU
		{971A505B-869A-927E-C715-F76F64D57E4B}.Debug|Any CPU.Build.0 = Debug|Any CPU
		{971A505B-869A-927E-C715-F76F64D57E4B}.Release|Any CPU.ActiveCfg = Release|Any CPU
		{971A505B-869A-927E-C715-F76F64D57E4B}.Release|Any CPU.Build.0 = Release|Any CPU
	EndGlobalSection
	GlobalSection(SolutionProperties) = preSolution
		HideSolutionNode = FALSE
	EndGlobalSection
	GlobalSection(MonoDevelopProperties) = preSolution
		StartupItem = Assembly-CSharp.csproj
	EndGlobalSection
EndGlobal
